{
  "name": "algos",
  "version": "1.0.0",
  "lockfileVersion": 2,
  "requires": true,
  "packages": {
    "": {
      "name": "algos",
      "version": "1.0.0",
      "license": "ISC",
      "dependencies": {
        "color-cli": "^0.1.0",
        "colors-cli": "^1.0.28"
      }
    },
    "node_modules/color-cli": {
      "version": "0.1.0",
      "resolved": "https://registry.npmjs.org/color-cli/-/color-cli-0.1.0.tgz",
      "integrity": "sha1-euBis7w3JhjWucpStzToDipPLy8=",
      "dependencies": {
        "hex-rgb": "^1.0.0",
        "minimist": "^1.2.0"
      },
      "bin": {
        "color": "index.js"
      },
      "engines": {
        "node": ">=4.0.0"
      }
    },
    "node_modules/colors-cli": {
      "version": "1.0.28",
      "resolved": "https://registry.npmjs.org/colors-cli/-/colors-cli-1.0.28.tgz",
      "integrity": "sha512-2XE8s1mB3Jr5rvirk/fFzhWY2m9S2dpZ0mWz3Yl/mzMM8hDVBawL0Rsal5hR1gJP4lgqhQfFfEmaGZpUZgEKrA==",
      "bin": {
        "colors": "bin/colors"
      }
    },
    "node_modules/hex-rgb": {
      "version": "1.0.0",
      "resolved": "https://registry.npmjs.org/hex-rgb/-/hex-rgb-1.0.0.tgz",
      "integrity": "sha1-UyJ1aXy5gj4FJCmxhMZ4HUbP30k=",
      "engines": {
        "node": ">=0.10.0"
      }
    },
    "node_modules/minimist": {
      "version": "1.2.5",
      "resolved": "https://registry.npmjs.org/minimist/-/minimist-1.2.5.tgz",
      "integrity": "sha512-FM9nNUYrRBAELZQT3xeZQ7fmMOBg6nWNmJKTcgsJeaLstP/UODVpGsr5OhXhhXg6f+qtJ8uiZ+PUxkDWcgIXLw=="
    }
  },
  "dependencies": {
    "color-cli": {
      "version": "0.1.0",
      "resolved": "https://registry.npmjs.org/color-cli/-/color-cli-0.1.0.tgz",
      "integrity": "sha1-euBis7w3JhjWucpStzToDipPLy8=",
      "requires": {
        "hex-rgb": "^1.0.0",
        "minimist": "^1.2.0"
      }
    },
    "colors-cli": {
      "version": "1.0.28",
      "resolved": "https://registry.npmjs.org/colors-cli/-/colors-cli-1.0.28.tgz",
      "integrity": "sha512-2XE8s1mB3Jr5rvirk/fFzhWY2m9S2dpZ0mWz3Yl/mzMM8hDVBawL0Rsal5hR1gJP4lgqhQfFfEmaGZpUZgEKrA=="
    },
    "hex-rgb": {
      "version": "1.0.0",
      "resolved": "https://registry.npmjs.org/hex-rgb/-/hex-rgb-1.0.0.tgz",
      "integrity": "sha1-UyJ1aXy5gj4FJCmxhMZ4HUbP30k="
    },
    "minimist": {
      "version": "1.2.5",
      "resolved": "https://registry.npmjs.org/minimist/-/minimist-1.2.5.tgz",
      "integrity": "sha512-FM9nNUYrRBAELZQT3xeZQ7fmMOBg6nWNmJKTcgsJeaLstP/UODVpGsr5OhXhhXg6f+qtJ8uiZ+PUxkDWcgIXLw=="
    }
  }
}
